hash: a31eb52fc69f6e94f2824d20c0020823a621d782e3496808ccc47be45d56dd89
updated: 2018-03-14T17:16:06.776003703+01:00
imports:
- name: github.com/bazelbuild/buildtools
  version: 405641a50b8583dc9fe254b7a22ebc2002722d17
  subpackages:
  - build
  - tables
- name: github.com/beorn7/perks
  version: 4c0e84591b9aa9e6dcfdf3e020114cd81f89d5f9
  subpackages:
  - quantile
- name: github.com/ghodss/yaml
  version: 73d445a93680fa1a78ae23a5839bad48f32ba1ee
- name: github.com/gogo/protobuf
  version: c0656edd0d9eab7c66d1eb0c568f9039345796f7
  subpackages:
  - proto
  - sortkeys
- name: github.com/golang/glog
  version: 44145f04b68cf362d9c4df2182967c2275eaefed
- name: github.com/golang/lint
  version: 837967239b74207656c3f550e9dc6a944866c490
- name: github.com/golang/protobuf
  version: bbd03ef6da3a115852eaf24c8a1c46aeb39aa175
  subpackages:
  - proto
- name: github.com/google/go-github
  version: e48060a28fac52d0f1cb758bc8b87c07bac4a87d
  subpackages:
  - github
- name: github.com/google/go-querystring
  version: 53e6ce116135b80d037921a7fdd5138cf32d7a8a
  subpackages:
  - query
- name: github.com/google/gofuzz
  version: 44d81051d367757e1c7c6a5a86423ece9afcf63c
- name: github.com/gorilla/context
  version: 08b5f424b9271eedf6f9f0ce86cb9396ed337a42
- name: github.com/gorilla/securecookie
  version: e59506cc896acb7f7bf732d4fdf5e25f7ccd8983
- name: github.com/gorilla/sessions
  version: 7910f5bb5ac86ab08f97d8bda39b476fc117b684
- name: github.com/matttproud/golang_protobuf_extensions
  version: c12348ce28de40eed0136aa2b644d0ee0650e56c
  subpackages:
  - pbutil
- name: github.com/onsi/ginkgo
  version: 9eda700730cba42af70d53180f9dcce9266bc2bc
  subpackages:
  - config
  - extensions/table
  - internal/codelocation
  - internal/containernode
  - internal/failer
  - internal/leafnodes
  - internal/remote
  - internal/spec
  - internal/spec_iterator
  - internal/specrunner
  - internal/suite
  - internal/testingtproxy
  - internal/writer
  - reporters
  - reporters/stenographer
  - reporters/stenographer/support/go-colorable
  - reporters/stenographer/support/go-isatty
  - types
- name: github.com/onsi/gomega
  version: 003f63b7f4cff3fc95357005358af2de0f5fe152
  subpackages:
  - format
  - internal/assertion
  - internal/asyncassertion
  - internal/oraclematcher
  - internal/testingtsupport
  - matchers
  - matchers/support/goraph/bipartitegraph
  - matchers/support/goraph/edge
  - matchers/support/goraph/node
  - matchers/support/goraph/util
  - types
- name: github.com/prometheus/client_golang
  version: c3324c1198cf3374996e9d3098edd46a6b55afc9
  subpackages:
  - prometheus
- name: github.com/prometheus/client_model
  version: 99fa1f4be8e564e8a6b613da7fa6f46c9edafc6c
  subpackages:
  - go
- name: github.com/prometheus/common
  version: e4aa40a9169a88835b849a6efb71e05dc04b88f0
  subpackages:
  - expfmt
  - internal/bitbucket.org/ww/goautoneg
  - model
- name: github.com/prometheus/procfs
  version: 54d17b57dd7d4a3aa092476596b3f8a933bde349
  subpackages:
  - internal/util
  - nfs
  - xfs
- name: github.com/satori/go.uuid
  version: 879c5887cd475cd7864858769793b2ceb0d44feb
- name: github.com/shurcooL/githubql
  version: a3fc26434624c70efdbbf7b2f0b2a146b6f9a952
- name: github.com/shurcooL/go
  version: 364c5ae8518b51f5fda954762864d6f4d5c30c89
  subpackages:
  - ctxhttp
- name: github.com/shurcooL/graphql
  version: 3d276b9dcc6b1e0adf19557a8de5cb8632c07697
  subpackages:
  - ident
  - internal/jsonutil
- name: github.com/sirupsen/logrus
  version: 4b6ea7319e214d98c938f12692336f7ca9348d6b
- name: github.com/spf13/pflag
  version: 4c012f6dcd9546820e378d0bdda4d8fc772cdfea
- name: golang.org/x/net
  version: 1c05540f6879653db88113bc4a2b70aec4bd491f
  subpackages:
  - context
  - context/ctxhttp
  - html
  - html/atom
  - html/charset
  - http2
  - http2/hpack
  - idna
  - lex/httplex
- name: golang.org/x/oauth2
  version: 7af32f14d0a25aec7873e0683e8e48dcead159a8
  subpackages:
  - internal
- name: golang.org/x/sys
  version: 932fb2287bee613f2a65e71685c9d9c0020da979
  subpackages:
  - unix
- name: golang.org/x/text
  version: b19bf474d317b857955b12035d2c5acb57ce8b01
  subpackages:
  - encoding
  - encoding/charmap
  - encoding/htmlindex
  - encoding/internal
  - encoding/internal/identifier
  - encoding/japanese
  - encoding/korean
  - encoding/simplifiedchinese
  - encoding/traditionalchinese
  - encoding/unicode
  - internal/tag
  - internal/utf8internal
  - language
  - runes
  - secure/bidirule
  - transform
  - unicode/bidi
  - unicode/norm
- name: golang.org/x/tools
  version: c1547a3f90f245aa85784a99580d3f601380cc07
  subpackages:
  - go/ast/astutil
  - go/gcexportdata
  - go/gcimporter15
- name: google.golang.org/appengine
  version: 5bee14b453b4c71be47ec1781b0fa61c2ea182db
  subpackages:
  - internal
  - internal/base
  - internal/datastore
  - internal/log
  - internal/remote_api
  - internal/urlfetch
  - urlfetch
- name: gopkg.in/h2non/gock.v1
  version: 550b7ca3aa563b9974e2391274ea55a940d05ca9
- name: gopkg.in/inf.v0
  version: 3887ee99ecf07df5b447e9b00d9c0b2adaa9f3e4
- name: gopkg.in/robfig/cron.v2
  version: be2e0b0deed5a68ffee390b4583a13aff8321535
- name: gopkg.in/yaml.v2
  version: 7f97868eec74b32b0982dd158a51a446d1da7eb5
- name: k8s.io/api
  version: fd252c3a3e1debf912ff5b80221a31a6a3c24493
  subpackages:
  - core/v1
- name: k8s.io/apimachinery
  version: e9ff529c66f83aeac6dff90f11ea0c5b7c4d626a
  subpackages:
  - pkg/api/resource
  - pkg/apis/meta/v1
  - pkg/conversion
  - pkg/conversion/queryparams
  - pkg/fields
  - pkg/labels
  - pkg/runtime
  - pkg/runtime/schema
  - pkg/selection
  - pkg/types
  - pkg/util/errors
  - pkg/util/intstr
  - pkg/util/json
  - pkg/util/net
  - pkg/util/runtime
  - pkg/util/sets
  - pkg/util/validation
  - pkg/util/validation/field
  - pkg/util/wait
  - pkg/watch
  - third_party/forked/golang/reflect
- name: k8s.io/test-infra
  version: 2e5db16bfe531f0e1b60e9ed6e22f4e06e58f5ee
  subpackages:
  - prow/commentpruner
  - prow/config
  - prow/genfiles
  - prow/git
  - prow/github
  - prow/hook
  - prow/kube
  - prow/pjutil
  - prow/pluginhelp
  - prow/pluginhelp/externalplugins
  - prow/plugins
  - prow/plugins/approve
  - prow/plugins/approve/approvers
  - prow/plugins/assign
  - prow/plugins/blockade
  - prow/plugins/blunderbuss
  - prow/plugins/buildifier
  - prow/plugins/cat
  - prow/plugins/cla
  - prow/plugins/docs-no-retest
  - prow/plugins/dog
  - prow/plugins/golint
  - prow/plugins/heart
  - prow/plugins/help
  - prow/plugins/hold
  - prow/plugins/label
  - prow/plugins/lgtm
  - prow/plugins/lifecycle
  - prow/plugins/milestonestatus
  - prow/plugins/releasenote
  - prow/plugins/requiresig
  - prow/plugins/shrug
  - prow/plugins/sigmention
  - prow/plugins/size
  - prow/plugins/skip
  - prow/plugins/slackevents
  - prow/plugins/trigger
  - prow/plugins/updateconfig
  - prow/plugins/wip
  - prow/plugins/yuks
  - prow/repoowners
  - prow/slack
testImports: []
