hash: 89baf0cd29908af47405714762c68467df13cc85df8f24a51b297c51fc6a051c
updated: 2018-05-14T17:34:53.362565762+02:00
imports:
- name: github.com/bazelbuild/buildtools
  version: dbfff2ed97adbf9c55bfce1267913ed3c08707fb
  subpackages:
  - build
  - tables
- name: github.com/beorn7/perks
  version: 3a771d992973f24aa725d07868b467d1ddfceafb
  subpackages:
  - quantile
- name: github.com/certifi/gocertifi
  version: deb3ae2ef2610fde3330947281941c562861188b
- name: github.com/evalphobia/logrus_sentry
  version: 57846a82817615f185b10cc40de8dc60c1ca5ae1
- name: github.com/getsentry/raven-go
  version: 563b81fc02b75d664e54da31f787c2cc2186780b
- name: github.com/ghodss/yaml
  version: 73d445a93680fa1a78ae23a5839bad48f32ba1ee
- name: github.com/gogo/protobuf
  version: c0656edd0d9eab7c66d1eb0c568f9039345796f7
  subpackages:
  - proto
  - sortkeys
- name: github.com/golang/glog
  version: 44145f04b68cf362d9c4df2182967c2275eaefed
- name: github.com/golang/lint
  version: 470b6b0bb3005eda157f0275e2e4895055396a81
- name: github.com/golang/protobuf
  version: 927b65914520a8b7d44f5c9057611cfec6b2e2d0
  subpackages:
  - proto
- name: github.com/google/go-github
  version: 437797734d06eec5394734a84cb5b59c82a66ee6
  subpackages:
  - github
- name: github.com/google/go-querystring
  version: 53e6ce116135b80d037921a7fdd5138cf32d7a8a
  subpackages:
  - query
- name: github.com/google/gofuzz
  version: 44d81051d367757e1c7c6a5a86423ece9afcf63c
- name: github.com/gorilla/context
  version: 08b5f424b9271eedf6f9f0ce86cb9396ed337a42
- name: github.com/gorilla/securecookie
  version: e59506cc896acb7f7bf732d4fdf5e25f7ccd8983
- name: github.com/gorilla/sessions
  version: a2f2a3de9a4a575047f73e3e36bc85ecc3546391
- name: github.com/matttproud/golang_protobuf_extensions
  version: c12348ce28de40eed0136aa2b644d0ee0650e56c
  subpackages:
  - pbutil
- name: github.com/onsi/ginkgo
  version: 9eda700730cba42af70d53180f9dcce9266bc2bc
  subpackages:
  - config
  - extensions/table
  - internal/codelocation
  - internal/containernode
  - internal/failer
  - internal/leafnodes
  - internal/remote
  - internal/spec
  - internal/spec_iterator
  - internal/specrunner
  - internal/suite
  - internal/testingtproxy
  - internal/writer
  - reporters
  - reporters/stenographer
  - reporters/stenographer/support/go-colorable
  - reporters/stenographer/support/go-isatty
  - types
- name: github.com/onsi/gomega
  version: 003f63b7f4cff3fc95357005358af2de0f5fe152
  subpackages:
  - format
  - internal/assertion
  - internal/asyncassertion
  - internal/oraclematcher
  - internal/testingtsupport
  - matchers
  - matchers/support/goraph/bipartitegraph
  - matchers/support/goraph/edge
  - matchers/support/goraph/node
  - matchers/support/goraph/util
  - types
- name: github.com/pkg/errors
  version: 816c9085562cd7ee03e7f8188a1cfd942858cded
- name: github.com/prometheus/client_golang
  version: 82f5ff156b29e276022b1a958f7d385870fb9814
  subpackages:
  - prometheus
  - prometheus/promhttp
- name: github.com/prometheus/client_model
  version: 99fa1f4be8e564e8a6b613da7fa6f46c9edafc6c
  subpackages:
  - go
- name: github.com/prometheus/common
  version: d811d2e9bf898806ecfb6ef6296774b13ffc314c
  subpackages:
  - expfmt
  - internal/bitbucket.org/ww/goautoneg
  - model
- name: github.com/prometheus/procfs
  version: 8b1c2da0d56deffdbb9e48d4414b4e674bd8083e
  subpackages:
  - internal/util
  - nfs
  - xfs
- name: github.com/satori/go.uuid
  version: 879c5887cd475cd7864858769793b2ceb0d44feb
- name: github.com/shurcooL/githubql
  version: 2f1beebeca3383d6367f59e5f091dd4fe1c856de
- name: github.com/shurcooL/go
  version: 9e1955d9fb6e1ee2345ba1f5e71669263e719e27
  subpackages:
  - ctxhttp
- name: github.com/shurcooL/graphql
  version: 62c9ce094e75302d560f7adcdf16c06d05aaa958
  subpackages:
  - ident
  - internal/jsonutil
- name: github.com/sirupsen/logrus
  version: c155da19408a8799da419ed3eeb0cb5db0ad5dbc
  subpackages:
  - hooks/test
- name: github.com/spf13/pflag
  version: 583c0c0531f06d5278b7d917446061adc344b5cd
- name: golang.org/x/crypto
  version: 034e5325b6ab92faa14d15c30e86919e911cf8e0
  subpackages:
  - ssh/terminal
- name: golang.org/x/net
  version: 1c05540f6879653db88113bc4a2b70aec4bd491f
  subpackages:
  - context
  - context/ctxhttp
  - html
  - html/atom
  - html/charset
  - http2
  - http2/hpack
  - idna
  - lex/httplex
- name: golang.org/x/oauth2
  version: cdc340f7c179dbbfa4afd43b7614e8fcadde4269
  subpackages:
  - internal
- name: golang.org/x/sys
  version: 7c87d13f8e835d2fb3a70a2912c811ed0c1d241b
  subpackages:
  - unix
  - windows
- name: golang.org/x/text
  version: b19bf474d317b857955b12035d2c5acb57ce8b01
  subpackages:
  - encoding
  - encoding/charmap
  - encoding/htmlindex
  - encoding/internal
  - encoding/internal/identifier
  - encoding/japanese
  - encoding/korean
  - encoding/simplifiedchinese
  - encoding/traditionalchinese
  - encoding/unicode
  - internal/tag
  - internal/utf8internal
  - language
  - runes
  - secure/bidirule
  - transform
  - unicode/bidi
  - unicode/norm
- name: golang.org/x/tools
  version: 48418e5732e1b1e2a10207c8007a5f959e422f20
  subpackages:
  - go/ast/astutil
  - go/gcexportdata
  - go/internal/gcimporter
- name: google.golang.org/appengine
  version: 962cbd1200af94a5a35ba8d512e9f91271b4d01a
  subpackages:
  - internal
  - internal/base
  - internal/datastore
  - internal/log
  - internal/remote_api
  - internal/urlfetch
  - urlfetch
- name: gopkg.in/h2non/gock.v1
  version: 550b7ca3aa563b9974e2391274ea55a940d05ca9
- name: gopkg.in/inf.v0
  version: 3887ee99ecf07df5b447e9b00d9c0b2adaa9f3e4
- name: gopkg.in/robfig/cron.v2
  version: be2e0b0deed5a68ffee390b4583a13aff8321535
- name: gopkg.in/yaml.v2
  version: 5420a8b6744d3b0345ab293f6fcba19c978f1183
- name: k8s.io/api
  version: 53d615ae3f440f957cb9989d989d597f047262d9
  subpackages:
  - core/v1
- name: k8s.io/apimachinery
  version: dd7876c087d16d10b82489a4dac9e3f4427176ca
  subpackages:
  - pkg/api/resource
  - pkg/apis/meta/v1
  - pkg/conversion
  - pkg/conversion/queryparams
  - pkg/fields
  - pkg/labels
  - pkg/runtime
  - pkg/runtime/schema
  - pkg/selection
  - pkg/types
  - pkg/util/errors
  - pkg/util/intstr
  - pkg/util/json
  - pkg/util/net
  - pkg/util/runtime
  - pkg/util/sets
  - pkg/util/validation
  - pkg/util/validation/field
  - pkg/util/wait
  - pkg/watch
  - third_party/forked/golang/reflect
- name: k8s.io/test-infra
  version: 2f3ad698ffcff53f881d3292a1b3da894bf1d5f7
  subpackages:
  - prow/commentpruner
  - prow/config
  - prow/genfiles
  - prow/git
  - prow/github
  - prow/hook
  - prow/kube
  - prow/pjutil
  - prow/pluginhelp
  - prow/pluginhelp/externalplugins
  - prow/plugins
  - prow/plugins/approve
  - prow/plugins/approve/approvers
  - prow/plugins/assign
  - prow/plugins/blockade
  - prow/plugins/blunderbuss
  - prow/plugins/buildifier
  - prow/plugins/cat
  - prow/plugins/cla
  - prow/plugins/docs-no-retest
  - prow/plugins/dog
  - prow/plugins/golint
  - prow/plugins/heart
  - prow/plugins/help
  - prow/plugins/hold
  - prow/plugins/label
  - prow/plugins/lgtm
  - prow/plugins/lifecycle
  - prow/plugins/milestone
  - prow/plugins/milestonestatus
  - prow/plugins/owners-label
  - prow/plugins/releasenote
  - prow/plugins/requiresig
  - prow/plugins/shrug
  - prow/plugins/sigmention
  - prow/plugins/size
  - prow/plugins/skip
  - prow/plugins/slackevents
  - prow/plugins/trigger
  - prow/plugins/updateconfig
  - prow/plugins/wip
  - prow/plugins/yuks
  - prow/pod-utils/downwardapi
  - prow/repoowners
  - prow/slack
testImports:
- name: github.com/microcosm-cc/bluemonday
  version: 542fd4642604d0d0c26112396ce5b1a9d01eee0b