# This file is autogenerated, do not edit; changes may be undone by the next 'dep ensure'.


[[projects]]
  digest = "1:d8ebbd207f3d3266d4423ce4860c9f3794956306ded6c7ba312ecc69cdfbf04c"
  name = "github.com/PuerkitoBio/purell"
  packages = ["."]
  pruneopts = "NUT"
  revision = "0bcb03f4b4d0a9428594752bd2a3b9aa0a9d4bd4"
  version = "v1.1.0"

[[projects]]
  branch = "master"
  digest = "1:8098cd40cd09879efbf12e33bcd51ead4a66006ac802cd563a66c4f3373b9727"
  name = "github.com/PuerkitoBio/urlesc"
  packages = ["."]
  pruneopts = "NUT"
  revision = "de5bf2ad457846296e2031421a34e2568e304e35"

[[projects]]
  digest = "1:03679414789b10f815a33667d29e3c77e57c8096bd32457fd1682a4222f25806"
  name = "github.com/bazelbuild/buildtools"
  packages = [
    "build",
    "tables",
  ]
  pruneopts = "NUT"
  revision = "80c7f0d45d7e40fa1f7362852697d4a03df557b3"

[[projects]]
  branch = "master"
  digest = "1:707ebe952a8b3d00b343c01536c79c73771d100f63ec6babeaed5c79e2b8a8dd"
  name = "github.com/beorn7/perks"
  packages = ["quantile"]
  pruneopts = "NUT"
  revision = "3a771d992973f24aa725d07868b467d1ddfceafb"

[[projects]]
  digest = "1:65d39e3a7e262416eb6f855d213954282921a3506125ce88e59514ae396dd690"
  name = "github.com/certifi/gocertifi"
  packages = ["."]
  pruneopts = "NUT"
  revision = "deb3ae2ef2610fde3330947281941c562861188b"
  version = "2018.01.18"

[[projects]]
  digest = "1:7313d6b9095eb86581402557bbf3871620cf82adf41853c5b9bee04b894290c7"
  name = "github.com/codemodus/parth"
  packages = ["."]
  pruneopts = "NUT"
  revision = "a170cf4ecfc2e277866d2a4fac7922b66e9f5176"
  version = "v2.0.0"

[[projects]]
  digest = "1:3537d33c077a9666720dc987fddfecb07270606ac0a58f67abd08e3b252c0a45"
  name = "github.com/emicklei/go-restful"
  packages = [
    ".",
    "log",
  ]
  pruneopts = "NUT"
  revision = "3eb9738c1697594ea6e71a7156a9bb32ed216cf0"
  version = "v2.8.0"

[[projects]]
  digest = "1:69cea1e3e69113a6d6f6836756b25f81d144d3436c83679b423db7db9dc225dd"
  name = "github.com/evalphobia/logrus_sentry"
  packages = ["."]
  pruneopts = "NUT"
  revision = "4034fb124d4e039c84e66e70f40ee32343f0ea19"
  version = "v0.8.0"

[[projects]]
  digest = "1:b96091e0b0ef04e3c2a4fbcce53d3866edc0ed4295f1264e122f8ca34175a11e"
  name = "github.com/getsentry/raven-go"
  packages = ["."]
  pruneopts = "NUT"
  revision = "f04e7487e9a6b9d9837d52743fb5f40576c56411"
  version = "v0.2.0"

[[projects]]
  digest = "1:81466b4218bf6adddac2572a30ac733a9255919bc2f470b4827a317bd4ee1756"
  name = "github.com/ghodss/yaml"
  packages = ["."]
  pruneopts = "NUT"
  revision = "0ca9ea5df5451ffdf184b4428c902747c2c11cd7"
  version = "v1.0.0"

[[projects]]
  digest = "1:260f7ebefc63024c8dfe2c9f1a2935a89fa4213637a1f522f592f80c001cc441"
  name = "github.com/go-openapi/jsonpointer"
  packages = ["."]
  pruneopts = "NUT"
  revision = "ef5f0afec364d3b9396b7b77b43dbe26bf1f8004"
  version = "v0.18.0"

[[projects]]
  digest = "1:98abd61947ff5c7c6fcfec5473d02a4821ed3a2dd99a4fbfdb7925b0dd745546"
  name = "github.com/go-openapi/jsonreference"
  packages = ["."]
  pruneopts = "NUT"
  revision = "8483a886a90412cd6858df4ea3483dce9c8e35a3"
  version = "v0.18.0"

[[projects]]
  digest = "1:4da4ea0a664ba528965683d350f602d0f11464e6bb2e17aad0914723bc25d163"
  name = "github.com/go-openapi/spec"
  packages = ["."]
  pruneopts = "NUT"
  revision = "5b6cdde3200976e3ecceb2868706ee39b6aff3e4"
  version = "v0.18.0"

[[projects]]
  digest = "1:dc0f590770e5a6c70ea086232324f7b7dc4857c60eca63ab8ff78e0a5cfcdbf3"
  name = "github.com/go-openapi/swag"
  packages = ["."]
  pruneopts = "NUT"
  revision = "1d29f06aebd59ccdf11ae04aa0334ded96e2d909"
  version = "v0.18.0"

[[projects]]
  digest = "1:abea725bcf0210887f5da19d804fffa1dd45a42a56bdf5f02322345e3fee4f0d"
  name = "github.com/gogo/protobuf"
  packages = [
    "proto",
    "sortkeys",
  ]
  pruneopts = "NUT"
  revision = "4cbf7e384e768b4e01799441fdf2a706a5635ae7"
  version = "v1.2.0"

[[projects]]
  branch = "master"
  digest = "1:e2b86e41f3d669fc36b50d31d32d22c8ac656c75aa5ea89717ce7177e134ff2a"
  name = "github.com/golang/glog"
  packages = ["."]
  pruneopts = "NUT"
  revision = "23def4e6c14b4da8ac2ed8007337bc5eb5007998"

[[projects]]
  branch = "travis-1.9"
  digest = "1:d6d31ae441c3d77ce373a3c15525ae248be5b2cb36fa072d08b19f1248683a88"
  name = "github.com/golang/lint"
  packages = ["."]
  pruneopts = "NUT"
  revision = "883fe33ffc4344bad1ecd881f61afd5ec5d80e0a"

[[projects]]
  digest = "1:97df918963298c287643883209a2c3f642e6593379f97ab400c2a2e219ab647d"
  name = "github.com/golang/protobuf"
  packages = ["proto"]
  pruneopts = "NUT"
  revision = "aa810b61a9c79d51363740d207bb46cf8e620ed5"
  version = "v1.2.0"

[[projects]]
  digest = "1:7a69bac90389f73502cf0591db45b0ec8b68d012e352f709e14d4e16e3c94ce3"
  name = "github.com/google/go-github"
  packages = ["github"]
  pruneopts = "NUT"
  revision = "56cb1dd99043eba2e21c91aa8417d3ba2329259a"
  version = "v21.0.1"

[[projects]]
  digest = "1:a63cff6b5d8b95638bfe300385d93b2a6d9d687734b863da8e09dc834510a690"
  name = "github.com/google/go-querystring"
  packages = ["query"]
  pruneopts = "NUT"
  revision = "44c6ddd0a2342c386950e880b658017258da92fc"
  version = "v1.0.0"

[[projects]]
  branch = "master"
  digest = "1:52c5834e2bebac9030c97cc0798ac11c3aa8a39f098aeb419f142533da6cd3cc"
  name = "github.com/google/gofuzz"
  packages = ["."]
  pruneopts = "NUT"
  revision = "24818f796faf91cd76ec7bddd72458fbced7a6c1"

[[projects]]
  digest = "1:c01767916c59f084bb7c41a7d5877c0f3099b1595cfa066e84ec6ad6b084dd89"
  name = "github.com/gorilla/context"
  packages = ["."]
  pruneopts = "NUT"
  revision = "08b5f424b9271eedf6f9f0ce86cb9396ed337a42"
  version = "v1.1.1"

[[projects]]
  digest = "1:0faa8131e5822f3420f82426667a29c5c425c3cb7e0fcf0c5d1c718d6e6ba19b"
  name = "github.com/gorilla/securecookie"
  packages = ["."]
  pruneopts = "NUT"
  revision = "e59506cc896acb7f7bf732d4fdf5e25f7ccd8983"
  version = "v1.1.1"

[[projects]]
  digest = "1:47397e09ed21e6c4cb434668a7ef7cfb017d1fb4e9345416b2485ca6393a7906"
  name = "github.com/gorilla/sessions"
  packages = ["."]
  pruneopts = "NUT"
  revision = "f57b7e2d29c6211d16ffa52a0998272f75799030"
  version = "v1.1.3"

[[projects]]
  digest = "1:41933d387bfa3eaa6a82647914ed7044f7b8355764c24fb920892bc8c03ef0c3"
  name = "github.com/hpcloud/tail"
  packages = [
    ".",
    "ratelimiter",
    "util",
    "watch",
    "winfile",
  ]
  pruneopts = "NUT"
  revision = "a30252cb686a21eb2d0b98132633053ec2f7f1e5"
  version = "v1.0.0"

[[projects]]
  digest = "1:8e36686e8b139f8fe240c1d5cf3a145bc675c22ff8e707857cdd3ae17b00d728"
  name = "github.com/json-iterator/go"
  packages = ["."]
  pruneopts = "NUT"
  revision = "1624edc4454b8682399def8740d46db5e4362ba4"
  version = "1.1.5"

[[projects]]
  digest = "1:4059c14e87a2de3a434430340521b5feece186c1469eff0834c29a63870de3ed"
  name = "github.com/konsorten/go-windows-terminal-sequences"
  packages = ["."]
  pruneopts = "NUT"
  revision = "5c8c8bd35d3832f5d134ae1e1e375b69a4d25242"
  version = "v1.0.1"

[[projects]]
  branch = "master"
  digest = "1:84a5a2b67486d5d67060ac393aa255d05d24ed5ee41daecd5635ec22657b6492"
  name = "github.com/mailru/easyjson"
  packages = [
    "buffer",
    "jlexer",
    "jwriter",
  ]
  pruneopts = "NUT"
  revision = "60711f1a8329503b04e1c88535f419d0bb440bff"

[[projects]]
  digest = "1:5985ef4caf91ece5d54817c11ea25f182697534f8ae6521eadcd628c142ac4b6"
  name = "github.com/matttproud/golang_protobuf_extensions"
  packages = ["pbutil"]
  pruneopts = "NUT"
  revision = "c12348ce28de40eed0136aa2b644d0ee0650e56c"
  version = "v1.0.1"

[[projects]]
  digest = "1:2f42fa12d6911c7b7659738758631bec870b7e9b4c6be5444f963cdcfccc191f"
  name = "github.com/modern-go/concurrent"
  packages = ["."]
  pruneopts = "NUT"
  revision = "bacd9c7ef1dd9b15be4a9909b8ac7a4e313eec94"
  version = "1.0.3"

[[projects]]
  digest = "1:c6aca19413b13dc59c220ad7430329e2ec454cc310bc6d8de2c7e2b93c18a0f6"
  name = "github.com/modern-go/reflect2"
  packages = ["."]
  pruneopts = "NUT"
  revision = "4b7aa43c6742a2c18fdef89dd197aaae7dac7ccd"
  version = "1.0.1"

[[projects]]
  digest = "1:9c88c09de47a47bbc7e7d1cad7dbe963edc6b2f27b89ac8591ea7cc60cd376d3"
  name = "github.com/onsi/ginkgo"
  packages = [
    ".",
    "config",
    "extensions/table",
    "internal/codelocation",
    "internal/containernode",
    "internal/failer",
    "internal/leafnodes",
    "internal/remote",
    "internal/spec",
    "internal/spec_iterator",
    "internal/specrunner",
    "internal/suite",
    "internal/testingtproxy",
    "internal/writer",
    "reporters",
    "reporters/stenographer",
    "reporters/stenographer/support/go-colorable",
    "reporters/stenographer/support/go-isatty",
    "types",
  ]
  pruneopts = "NUT"
  revision = "2e1be8f7d90e9d3e3e58b0ce470f2f14d075406f"
  version = "v1.7.0"

[[projects]]
  digest = "1:0db10c512b410a1ecd8845e31db52622c08b76198f7ab76afb25319c84a7fd4b"
  name = "github.com/onsi/gomega"
  packages = [
    ".",
    "format",
    "internal/assertion",
    "internal/asyncassertion",
    "internal/oraclematcher",
    "internal/testingtsupport",
    "matchers",
    "matchers/support/goraph/bipartitegraph",
    "matchers/support/goraph/edge",
    "matchers/support/goraph/node",
    "matchers/support/goraph/util",
    "types",
  ]
  pruneopts = "NUT"
  revision = "65fb64232476ad9046e57c26cd0bff3d3a8dc6cd"
  version = "v1.4.3"

[[projects]]
  digest = "1:14715f705ff5dfe0ffd6571d7d201dd8e921030f8070321a79380d8ca4ec1a24"
  name = "github.com/pkg/errors"
  packages = ["."]
  pruneopts = "NUT"
  revision = "ba968bfe8b2f7e042a574c888954fccecfa385b4"
  version = "v0.8.1"

[[projects]]
  digest = "1:f7ac72ca21bc7b5e28be4cf9e511832fec40149c15753f93bbc1258bdc3dc7ee"
  name = "github.com/prometheus/client_golang"
  packages = [
    "prometheus",
    "prometheus/internal",
    "prometheus/promhttp",
    "prometheus/push",
  ]
  pruneopts = "NUT"
  revision = "505eaef017263e299324067d40ca2c48f6a2cf50"
  version = "v0.9.2"

[[projects]]
  branch = "master"
  digest = "1:2d5cd61daa5565187e1d96bae64dbbc6080dacf741448e9629c64fd93203b0d4"
  name = "github.com/prometheus/client_model"
  packages = ["go"]
  pruneopts = "NUT"
  revision = "56726106282f1985ea77d5305743db7231b0c0a8"

[[projects]]
  branch = "master"
  digest = "1:4340e7fba4a17b3c5c8c874698eae0db8573668bfa541903bd6a654915d6b2bb"
  name = "github.com/prometheus/common"
  packages = [
    "expfmt",
    "internal/bitbucket.org/ww/goautoneg",
    "model",
  ]
  pruneopts = "NUT"
  revision = "2998b132700a7d019ff618c06a234b47c1f3f681"

[[projects]]
  branch = "master"
  digest = "1:21971c48d2d34cf633e1898e60bb968eb046a42010ebeb73c8733d7b610cbf59"
  name = "github.com/prometheus/procfs"
  packages = [
    ".",
    "internal/util",
    "nfs",
    "xfs",
  ]
  pruneopts = "NUT"
  revision = "b1a0a9a36d7453ba0f62578b99712f3a6c5f82d1"

[[projects]]
  digest = "1:6bc0652ea6e39e22ccd522458b8bdd8665bf23bdc5a20eec90056e4dc7e273ca"
  name = "github.com/satori/go.uuid"
  packages = ["."]
  pruneopts = "NUT"
  revision = "f58768cc1a7a7e77a3bd49e98cdd21419399b6a3"
  version = "v1.2.0"

[[projects]]
  digest = "1:5215cdb24d9eb1f89ea50c971e27cc25a3df95f15eef919f51c75a4a87b2fb3c"
  name = "github.com/shurcooL/githubql"
  packages = ["."]
  pruneopts = "NUT"
  revision = "2f1beebeca3383d6367f59e5f091dd4fe1c856de"

[[projects]]
  branch = "master"
  digest = "1:ae48f0f40520744c5e6c603b61a16cfe0e4c778360fd53c7c8e2eeaa14b283c6"
  name = "github.com/shurcooL/graphql"
  packages = [
    ".",
    "ident",
    "internal/jsonutil",
  ]
  pruneopts = "NUT"
  revision = "d48a9a75455f6af30244670bc0c9d0e38e7392b5"

[[projects]]
  digest = "1:4ae87267286cd60452aebd006a5cbcbd0f58da85d76e54e984baff4d5e4f5186"
  name = "github.com/sirupsen/logrus"
  packages = [
    ".",
    "hooks/test",
  ]
  pruneopts = "NUT"
  revision = "e1e72e9de974bd926e5c56f83753fba2df402ce5"
  version = "v1.3.0"

[[projects]]
  digest = "1:9d8420bbf131d1618bde6530af37c3799340d3762cc47210c1d9532a4c3a2779"
  name = "github.com/spf13/pflag"
  packages = ["."]
  pruneopts = "NUT"
  revision = "298182f68c66c05229eb03ac171abe6e309ee79a"
  version = "v1.0.3"

[[projects]]
  branch = "master"
  digest = "1:38f553aff0273ad6f367cb0a0f8b6eecbaef8dc6cb8b50e57b6a81c1d5b1e332"
  name = "golang.org/x/crypto"
  packages = ["ssh/terminal"]
  pruneopts = "NUT"
  revision = "ff983b9c42bc9fbf91556e191cc8efb585c16908"

[[projects]]
  branch = "master"
  digest = "1:8b1f96630c62fc6efe748fd49272edeba5c11adb8953a889d1c8ceda11eff605"
  name = "golang.org/x/net"
  packages = [
    "context",
    "context/ctxhttp",
    "html",
    "html/atom",
    "html/charset",
    "http/httpguts",
    "http2",
    "http2/hpack",
    "idna",
  ]
  pruneopts = "NUT"
  revision = "915654e7eabcea33ae277abbecf52f0d8b7a9fdc"

[[projects]]
  branch = "master"
  digest = "1:9822dde4525c2bc0130c4b8d209cb08b3ab68d4865972b20fe213fc2f732d9db"
  name = "golang.org/x/oauth2"
  packages = [
    ".",
    "internal",
  ]
  pruneopts = "NUT"
  revision = "5dab4167f31cbd76b407f1486c86b40748bc5073"

[[projects]]
  branch = "master"
  digest = "1:abc6c776da4fb3b71392ec4f4edafbbf981ef39bf6e6af06cc424f28c4a4ccc7"
  name = "golang.org/x/sys"
  packages = [
    "unix",
    "windows",
  ]
  pruneopts = "NUT"
  revision = "11f53e03133963fb11ae0588e08b5e0b85be8be5"

[[projects]]
  digest = "1:2c4e3b27329379d7b5f889038b48086140ea60708fb92e4b19d6a775926ea30b"
  name = "golang.org/x/text"
  packages = [
    "collate",
    "collate/build",
    "encoding",
    "encoding/charmap",
    "encoding/htmlindex",
    "encoding/internal",
    "encoding/internal/identifier",
    "encoding/japanese",
    "encoding/korean",
    "encoding/simplifiedchinese",
    "encoding/traditionalchinese",
    "encoding/unicode",
    "internal/colltab",
    "internal/gen",
    "internal/tag",
    "internal/triegen",
    "internal/ucd",
    "internal/utf8internal",
    "language",
    "runes",
    "secure/bidirule",
    "transform",
    "unicode/bidi",
    "unicode/cldr",
    "unicode/norm",
    "unicode/rangetable",
    "width",
  ]
  pruneopts = "NUT"
  revision = "f21a4dfb5e38f5895301dc265a8def02365cc3d0"
  version = "v0.3.0"

[[projects]]
  branch = "master"
  digest = "1:da76817708f332e4a6a161581de588bbd420d020e976759408b3321f39f1a48d"
  name = "golang.org/x/tools"
  packages = [
    "go/ast/astutil",
    "go/gcexportdata",
    "go/internal/gcimporter",
    "go/types/typeutil",
  ]
  pruneopts = "NUT"
  revision = "b258f6da23835bf37e95cc50af792447c7c67fe4"

[[projects]]
  digest = "1:34c10243da5972105edd1b4b883e2bd918fbb3f73fbe14d6af6929e547173494"
  name = "google.golang.org/appengine"
  packages = [
    "internal",
    "internal/base",
    "internal/datastore",
    "internal/log",
    "internal/remote_api",
    "internal/urlfetch",
    "urlfetch",
  ]
  pruneopts = "NUT"
  revision = "e9657d882bb81064595ca3b56cbe2546bbabf7b1"
  version = "v1.4.0"

[[projects]]
  digest = "1:1b91ae0dc69a41d4c2ed23ea5cffb721ea63f5037ca4b81e6d6771fbb8f45129"
  name = "gopkg.in/fsnotify.v1"
  packages = ["."]
  pruneopts = "NUT"
  revision = "c2828203cd70a50dcccfb2761f8b1f8ceef9a8e9"
  source = "https://github.com/fsnotify/fsnotify.git"
  version = "v1.4.7"

[[projects]]
  digest = "1:148d6b94c267245db0e278e9ea4c5ea8b8ad1b07e1f5c41daa4b89642d26ee3a"
  name = "gopkg.in/h2non/gock.v1"
  packages = ["."]
  pruneopts = "NUT"
  revision = "1390fb4792c1564b03d31c57b2175fb32e5319f3"
  version = "v1.0.13"

[[projects]]
  digest = "1:2d1fbdc6777e5408cabeb02bf336305e724b925ff4546ded0fa8715a7267922a"
  name = "gopkg.in/inf.v0"
  packages = ["."]
  pruneopts = "NUT"
  revision = "d2d2541c53f18d2a059457998ce2876cc8e67cbf"
  version = "v0.9.1"

[[projects]]
  branch = "v2"
  digest = "1:af48fd9cabfa0cd50594518c47d7dee43c2db85f0344fd71477108b9c271e34e"
  name = "gopkg.in/robfig/cron.v2"
  packages = ["."]
  pruneopts = "NUT"
  revision = "be2e0b0deed5a68ffee390b4583a13aff8321535"

[[projects]]
  branch = "v1"
  digest = "1:8fb1ccb16a6cfecbfdfeb84d8ea1cc7afa8f9ef16526bc2326f72d993e32cef1"
  name = "gopkg.in/tomb.v1"
  packages = ["."]
  pruneopts = "NUT"
  revision = "dd632973f1e7218eb1089048e0798ec9ae7dceb8"

[[projects]]
  digest = "1:18108594151654e9e696b27b181b953f9a90b16bf14d253dd1b397b025a1487f"
  name = "gopkg.in/yaml.v2"
  packages = ["."]
  pruneopts = "NUT"
  revision = "51d6538a90f86fe93ac480b35f37b2be17fef232"
  version = "v2.2.2"

[[projects]]
  branch = "master"
  digest = "1:3b2bc6d690e6dee185d6e8d66029b6b70482a66ec1d0e9856f541d718d41f4aa"
  name = "k8s.io/api"
  packages = ["core/v1"]
  pruneopts = "NUT"
  revision = "173ce66c1e39d1d0f56e0b3347ff2988068aecd0"

[[projects]]
  branch = "release-1.9"
  digest = "1:2aaefdfdb692f8ccf739320370f451d30d00c73fc894f5644b3be267eaf8534e"
  name = "k8s.io/apimachinery"
  packages = [
    "pkg/api/resource",
    "pkg/apis/meta/v1",
    "pkg/conversion",
    "pkg/conversion/queryparams",
    "pkg/fields",
    "pkg/labels",
    "pkg/runtime",
    "pkg/runtime/schema",
    "pkg/selection",
    "pkg/types",
    "pkg/util/errors",
    "pkg/util/intstr",
    "pkg/util/json",
    "pkg/util/net",
    "pkg/util/runtime",
    "pkg/util/sets",
    "pkg/util/validation",
    "pkg/util/validation/field",
    "pkg/util/wait",
    "pkg/watch",
    "third_party/forked/golang/reflect",
  ]
  pruneopts = "NUT"
  revision = "1926e7bb5c13e9c651830fe950cb623071bb03d2"

[[projects]]
  branch = "master"
  digest = "1:2932fadf06c2947e04e1f95fc7d4de2e6d32ebd4197a824a5b1e2a0e042c8e14"
  name = "k8s.io/kube-openapi"
  packages = ["pkg/common"]
  pruneopts = "NUT"
  revision = "ced9eb3070a5f1c548ef46e8dfe2a97c208d9f03"

[[projects]]
  digest = "1:c058ab69923248abe7fcc5ff4d129ae601e96cf12ca89d873d8b9559186d2cac"
  name = "k8s.io/test-infra"
  packages = [
    "prow/cmd/hook",
    "prow/commentpruner",
    "prow/config",
    "prow/genfiles",
    "prow/git",
    "prow/github",
    "prow/hook",
    "prow/kube",
    "prow/logrusutil",
    "prow/metrics",
    "prow/phony",
    "prow/pjutil",
    "prow/pluginhelp",
    "prow/pluginhelp/externalplugins",
    "prow/pluginhelp/hook",
    "prow/plugins",
    "prow/plugins/approve",
    "prow/plugins/approve/approvers",
    "prow/plugins/assign",
    "prow/plugins/blockade",
    "prow/plugins/blunderbuss",
    "prow/plugins/buildifier",
    "prow/plugins/cat",
    "prow/plugins/cla",
    "prow/plugins/docs-no-retest",
    "prow/plugins/dog",
    "prow/plugins/golint",
    "prow/plugins/heart",
    "prow/plugins/help",
    "prow/plugins/hold",
    "prow/plugins/label",
    "prow/plugins/lgtm",
    "prow/plugins/lifecycle",
    "prow/plugins/milestone",
    "prow/plugins/milestonestatus",
    "prow/plugins/owners-label",
    "prow/plugins/releasenote",
    "prow/plugins/requiresig",
    "prow/plugins/shrug",
    "prow/plugins/sigmention",
    "prow/plugins/size",
    "prow/plugins/skip",
    "prow/plugins/slackevents",
    "prow/plugins/trigger",
    "prow/plugins/updateconfig",
    "prow/plugins/wip",
    "prow/plugins/yuks",
    "prow/pod-utils/downwardapi",
    "prow/repoowners",
    "prow/slack",
  ]
  pruneopts = "NUT"
  revision = "2f3ad698ffcff53f881d3292a1b3da894bf1d5f7"

[solve-meta]
  analyzer-name = "dep"
  analyzer-version = 1
  input-imports = [
    "github.com/evalphobia/logrus_sentry",
    "github.com/google/go-github/github",
    "github.com/onsi/ginkgo",
    "github.com/onsi/ginkgo/extensions/table",
    "github.com/onsi/ginkgo/reporters",
    "github.com/onsi/gomega",
    "github.com/onsi/gomega/format",
    "github.com/onsi/gomega/types",
    "github.com/pkg/errors",
    "github.com/prometheus/client_golang/prometheus",
    "github.com/prometheus/client_golang/prometheus/promhttp",
    "github.com/prometheus/client_model/go",
    "github.com/satori/go.uuid",
    "github.com/shurcooL/githubql",
    "github.com/sirupsen/logrus",
    "github.com/sirupsen/logrus/hooks/test",
    "golang.org/x/oauth2",
    "gopkg.in/h2non/gock.v1",
    "gopkg.in/yaml.v2",
    "k8s.io/test-infra/prow/cmd/hook",
    "k8s.io/test-infra/prow/hook",
    "k8s.io/test-infra/prow/phony",
    "k8s.io/test-infra/prow/pluginhelp",
    "k8s.io/test-infra/prow/pluginhelp/externalplugins",
    "k8s.io/test-infra/prow/plugins",
  ]
  solver-name = "gps-cdcl"
  solver-version = 1
